{
  "requires": true,
  "lockfileVersion": 1,
  "dependencies": {
    "pixi-sound": {
      "version": "2.1.0",
      "resolved": "https://registry.npmjs.org/pixi-sound/-/pixi-sound-2.1.0.tgz",
      "integrity": "sha512-J3VtaOaWOnxdE3ynWjFpyecyN+fuxw16yiK/Oy1ZtdBoUDh3gM8oOPjMCXjSYyDIhEOUF+uJD8tZ/kopsZ/wvw=="
    }
  }
}
